
Microsoft Visual Studio Solution File, Format Version 12.00
# Visual Studio Version 17
VisualStudioVersion = 17.11.35312.102
MinimumVisualStudioVersion = 10.0.40219.1
Project("{FAE04EC0-301F-11D3-BF4B-00C04F79EFBC}") = "BlazorCustomerFeedback", "BlazorCustomerFeedback\BlazorCustomerFeedback.csproj", "{3D4CC968-3D88-4785-8C03-7E50CAE8F7E1}"
EndProject
Project("{FAE04EC0-301F-11D3-BF4B-00C04F79EFBC}") = "BlazorCustomerFeedback.Client", "BlazorCustomerFeedback.Client\BlazorCustomerFeedback.Client.csproj", "{B4CDB4B3-06FC-4B03-8368-0DE65A94712E}"
EndProject
Project("{E53339B2-1760-4266-BCC7-CA923CBCF16C}") = "docker-compose", "docker-compose.dcproj", "{C76FBEDA-A07F-46FB-8577-B0D681B96580}"
EndProject
Global
	GlobalSection(SolutionConfigurationPlatforms) = preSolution
		Debug|Any CPU = Debug|Any CPU
		Release|Any CPU = Release|Any CPU
	EndGlobalSection
	GlobalSection(ProjectConfigurationPlatforms) = postSolution
		{3D4CC968-3D88-4785-8C03-7E50CAE8F7E1}.Debug|Any CPU.ActiveCfg = Debug|Any CPU
		{3D4CC968-3D88-4785-8C03-7E50CAE8F7E1}.Debug|Any CPU.Build.0 = Debug|Any CPU
		{3D4CC968-3D88-4785-8C03-7E50CAE8F7E1}.Release|Any CPU.ActiveCfg = Release|Any CPU
		{3D4CC968-3D88-4785-8C03-7E50CAE8F7E1}.Release|Any CPU.Build.0 = Release|Any CPU
		{B4CDB4B3-06FC-4B03-8368-0DE65A94712E}.Debug|Any CPU.ActiveCfg = Debug|Any CPU
		{B4CDB4B3-06FC-4B03-8368-0DE65A94712E}.Debug|Any CPU.Build.0 = Debug|Any CPU
		{B4CDB4B3-06FC-4B03-8368-0DE65A94712E}.Release|Any CPU.ActiveCfg = Release|Any CPU
		{B4CDB4B3-06FC-4B03-8368-0DE65A94712E}.Release|Any CPU.Build.0 = Release|Any CPU
		{C76FBEDA-A07F-46FB-8577-B0D681B96580}.Debug|Any CPU.ActiveCfg = Debug|Any CPU
		{C76FBEDA-A07F-46FB-8577-B0D681B96580}.Debug|Any CPU.Build.0 = Debug|Any CPU
		{C76FBEDA-A07F-46FB-8577-B0D681B96580}.Release|Any CPU.ActiveCfg = Release|Any CPU
		{C76FBEDA-A07F-46FB-8577-B0D681B96580}.Release|Any CPU.Build.0 = Release|Any CPU
	EndGlobalSection
	GlobalSection(SolutionProperties) = preSolution
		HideSolutionNode = FALSE
	EndGlobalSection
	GlobalSection(ExtensibilityGlobals) = postSolution
		SolutionGuid = {C1ADE626-5C6A-4C70-9926-D9B5DC29DE09}
	EndGlobalSection
EndGlobal
